
Microsoft Visual Studio Solution File, Format Version 12.00
# Visual Studio Version 17
VisualStudioVersion = 17.7.34009.444
MinimumVisualStudioVersion = 10.0.40219.1
Project("{FAE04EC0-301F-11D3-BF4B-00C04F79EFBC}") = "RealEstate_Dapper_Api", "RealEstate_Dapper_Api\RealEstate_Dapper_Api.csproj", "{20BBF966-2BCF-4E8F-99A7-25CB98926AB6}"
EndProject
Project("{FAE04EC0-301F-11D3-BF4B-00C04F79EFBC}") = "RealEstate_Dapper_UI", "RealEstate_Dapper_UI\RealEstate_Dapper_UI.csproj", "{F7856B02-7D9A-4CC1-9AF6-88A46F0FA763}"
EndProject
Global
	GlobalSection(SolutionConfigurationPlatforms) = preSolution
		Debug|Any CPU = Debug|Any CPU
		Release|Any CPU = Release|Any CPU
	EndGlobalSection
	GlobalSection(ProjectConfigurationPlatforms) = postSolution
		{20BBF966-2BCF-4E8F-99A7-25CB98926AB6}.Debug|Any CPU.ActiveCfg = Debug|Any CPU
		{20BBF966-2BCF-4E8F-99A7-25CB98926AB6}.Debug|Any CPU.Build.0 = Debug|Any CPU
		{20BBF966-2BCF-4E8F-99A7-25CB98926AB6}.Release|Any CPU.ActiveCfg = Release|Any CPU
		{20BBF966-2BCF-4E8F-99A7-25CB98926AB6}.Release|Any CPU.Build.0 = Release|Any CPU
		{F7856B02-7D9A-4CC1-9AF6-88A46F0FA763}.Debug|Any CPU.ActiveCfg = Debug|Any CPU
		{F7856B02-7D9A-4CC1-9AF6-88A46F0FA763}.Debug|Any CPU.Build.0 = Debug|Any CPU
		{F7856B02-7D9A-4CC1-9AF6-88A46F0FA763}.Release|Any CPU.ActiveCfg = Release|Any CPU
		{F7856B02-7D9A-4CC1-9AF6-88A46F0FA763}.Release|Any CPU.Build.0 = Release|Any CPU
	EndGlobalSection
	GlobalSection(SolutionProperties) = preSolution
		HideSolutionNode = FALSE
	EndGlobalSection
	GlobalSection(ExtensibilityGlobals) = postSolution
		SolutionGuid = {DAD17D8F-63F9-4462-A80B-421D8709AC9B}
	EndGlobalSection
EndGlobal
